
Microsoft Visual Studio Solution File, Format Version 12.00
# Visual Studio Version 16
VisualStudioVersion = 16.0.30907.101
MinimumVisualStudioVersion = 10.0.40219.1
Project("{F184B08F-C81C-45F6-A57F-5ABD9991F28F}") = "CoronaAPP", "CoronaAPP\CoronaAPP.vbproj", "{766D2F0B-B845-4C9C-AECE-876A3E7A472D}"
EndProject
Global
	GlobalSection(SolutionConfigurationPlatforms) = preSolution
		Debug|Any CPU = Debug|Any CPU
		Release|Any CPU = Release|Any CPU
	EndGlobalSection
	GlobalSection(ProjectConfigurationPlatforms) = postSolution
		{766D2F0B-B845-4C9C-AECE-876A3E7A472D}.Debug|Any CPU.ActiveCfg = Debug|Any CPU
		{766D2F0B-B845-4C9C-AECE-876A3E7A472D}.Debug|Any CPU.Build.0 = Debug|Any CPU
		{766D2F0B-B845-4C9C-AECE-876A3E7A472D}.Release|Any CPU.ActiveCfg = Release|Any CPU
		{766D2F0B-B845-4C9C-AECE-876A3E7A472D}.Release|Any CPU.Build.0 = Release|Any CPU
	EndGlobalSection
	GlobalSection(SolutionProperties) = preSolution
		HideSolutionNode = FALSE
	EndGlobalSection
	GlobalSection(ExtensibilityGlobals) = postSolution
		SolutionGuid = {2C0E1417-470E-43DE-B0E7-7155BF64F711}
	EndGlobalSection
EndGlobal
